// !$*UTF8*$!
{
	archiveVersion = 1;
	classes = {
	};
	objectVersion = 56;
	objects = {

/* Begin PBXBuildFile section */
		EC799C3929E8027E00EF4A8D /* revorb.cpp in Sources */ = {isa = PBXBuildFile; fileRef = EC799C3829E8027E00EF4A8D /* revorb.cpp */; };
		EC799C4129E8097C00EF4A8D /* libogg.0.dylib in Frameworks */ = {isa = PBXBuildFile; fileRef = EC799C4029E8097C00EF4A8D /* libogg.0.dylib */; };
		EC799C4329E8098500EF4A8D /* libogg.0.dylib in Embed Libraries */ = {isa = PBXBuildFile; fileRef = EC799C4029E8097C00EF4A8D /* libogg.0.dylib */; };
		EC799C4629E809AA00EF4A8D /* libvorbis.0.dylib in Frameworks */ = {isa = PBXBuildFile; fileRef = EC799C4529E809AA00EF4A8D /* libvorbis.0.dylib */; };
		EC799C4729E809AA00EF4A8D /* libvorbis.0.dylib in Embed Libraries */ = {isa = PBXBuildFile; fileRef = EC799C4529E809AA00EF4A8D /* libvorbis.0.dylib */; };
/* End PBXBuildFile section */

/* Begin PBXCopyFilesBuildPhase section */
		EC799C2C29E8025900EF4A8D /* CopyFiles */ = {
			isa = PBXCopyFilesBuildPhase;
			buildActionMask = 2147483647;
			dstPath = /usr/share/man/man1/;
			dstSubfolderSpec = 0;
			files = (
			);
			runOnlyForDeploymentPostprocessing = 1;
		};
		EC799C4429E8098500EF4A8D /* Embed Libraries */ = {
			isa = PBXCopyFilesBuildPhase;
			buildActionMask = 2147483647;
			dstPath = "";
			dstSubfolderSpec = 10;
			files = (
				EC799C4329E8098500EF4A8D /* libogg.0.dylib in Embed Libraries */,
				EC799C4729E809AA00EF4A8D /* libvorbis.0.dylib in Embed Libraries */,
			);
			name = "Embed Libraries";
			runOnlyForDeploymentPostprocessing = 0;
		};
/* End PBXCopyFilesBuildPhase section */

/* Begin PBXFileReference section */
		EC799C2E29E8025900EF4A8D /* revorb */ = {isa = PBXFileReference; explicitFileType = "compiled.mach-o.executable"; includeInIndex = 0; path = revorb; sourceTree = BUILT_PRODUCTS_DIR; };
		EC799C3829E8027E00EF4A8D /* revorb.cpp */ = {isa = PBXFileReference; fileEncoding = 4; lastKnownFileType = sourcecode.cpp.cpp; path = revorb.cpp; sourceTree = "<group>"; };
		EC799C4029E8097C00EF4A8D /* libogg.0.dylib */ = {isa = PBXFileReference; lastKnownFileType = "compiled.mach-o.dylib"; name = libogg.0.dylib; path = ../../../../../opt/homebrew/Cellar/libogg/1.3.5/lib/libogg.0.dylib; sourceTree = "<group>"; };
		EC799C4529E809AA00EF4A8D /* libvorbis.0.dylib */ = {isa = PBXFileReference; lastKnownFileType = "compiled.mach-o.dylib"; name = libvorbis.0.dylib; path = ../../../../../opt/homebrew/Cellar/libvorbis/1.3.7/lib/libvorbis.0.dylib; sourceTree = "<group>"; };
/* End PBXFileReference section */

/* Begin PBXFrameworksBuildPhase section */
		EC799C2B29E8025900EF4A8D /* Frameworks */ = {
			isa = PBXFrameworksBuildPhase;
			buildActionMask = 2147483647;
			files = (
				EC799C4129E8097C00EF4A8D /* libogg.0.dylib in Frameworks */,
				EC799C4629E809AA00EF4A8D /* libvorbis.0.dylib in Frameworks */,
			);
			runOnlyForDeploymentPostprocessing = 0;
		};
/* End PBXFrameworksBuildPhase section */

/* Begin PBXGroup section */
		EC799C2529E8025900EF4A8D = {
			isa = PBXGroup;
			children = (
				EC799C3029E8025900EF4A8D /* revorb */,
				EC799C2F29E8025900EF4A8D /* Products */,
				EC799C3F29E8097C00EF4A8D /* Frameworks */,
			);
			sourceTree = "<group>";
		};
		EC799C2F29E8025900EF4A8D /* Products */ = {
			isa = PBXGroup;
			children = (
				EC799C2E29E8025900EF4A8D /* revorb */,
			);
			name = Products;
			sourceTree = "<group>";
		};
		EC799C3029E8025900EF4A8D /* revorb */ = {
			isa = PBXGroup;
			children = (
				EC799C3829E8027E00EF4A8D /* revorb.cpp */,
			);
			path = revorb;
			sourceTree = "<group>";
		};
		EC799C3F29E8097C00EF4A8D /* Frameworks */ = {
			isa = PBXGroup;
			children = (
				EC799C4529E809AA00EF4A8D /* libvorbis.0.dylib */,
				EC799C4029E8097C00EF4A8D /* libogg.0.dylib */,
			);
			name = Frameworks;
			sourceTree = "<group>";
		};
/* End PBXGroup section */

/* Begin PBXNativeTarget section */
		EC799C2D29E8025900EF4A8D /* revorb */ = {
			isa = PBXNativeTarget;
			buildConfigurationList = EC799C3529E8025900EF4A8D /* Build configuration list for PBXNativeTarget "revorb" */;
			buildPhases = (
				EC799C2A29E8025900EF4A8D /* Sources */,
				EC799C2B29E8025900EF4A8D /* Frameworks */,
				EC799C2C29E8025900EF4A8D /* CopyFiles */,
				EC799C4429E8098500EF4A8D /* Embed Libraries */,
			);
			buildRules = (
			);
			dependencies = (
			);
			name = revorb;
			productName = revorb;
			productReference = EC799C2E29E8025900EF4A8D /* revorb */;
			productType = "com.apple.product-type.tool";
		};
/* End PBXNativeTarget section */

/* Begin PBXProject section */
		EC799C2629E8025900EF4A8D /* Project object */ = {
			isa = PBXProject;
			attributes = {
				BuildIndependentTargetsInParallel = 1;
				LastUpgradeCheck = 1430;
				TargetAttributes = {
					EC799C2D29E8025900EF4A8D = {
						CreatedOnToolsVersion = 14.3;
					};
				};
			};
			buildConfigurationList = EC799C2929E8025900EF4A8D /* Build configuration list for PBXProject "revorb" */;
			compatibilityVersion = "Xcode 14.0";
			developmentRegion = en;
			hasScannedForEncodings = 0;
			knownRegions = (
				en,
				Base,
			);
			mainGroup = EC799C2529E8025900EF4A8D;
			productRefGroup = EC799C2F29E8025900EF4A8D /* Products */;
			projectDirPath = "";
			projectRoot = "";
			targets = (
				EC799C2D29E8025900EF4A8D /* revorb */,
			);
		};
/* End PBXProject section */

/* Begin PBXSourcesBuildPhase section */
		EC799C2A29E8025900EF4A8D /* Sources */ = {
			isa = PBXSourcesBuildPhase;
			buildActionMask = 2147483647;
			files = (
				EC799C3929E8027E00EF4A8D /* revorb.cpp in Sources */,
			);
			runOnlyForDeploymentPostprocessing = 0;
		};
/* End PBXSourcesBuildPhase section */

/* Begin XCBuildConfiguration section */
		EC799C3329E8025900EF4A8D /* Debug */ = {
			isa = XCBuildConfiguration;
			buildSettings = {
				ALWAYS_SEARCH_USER_PATHS = NO;
				CLANG_ANALYZER_NONNULL = YES;
				CLANG_ANALYZER_NUMBER_OBJECT_CONVERSION = YES_AGGRESSIVE;
				CLANG_CXX_LANGUAGE_STANDARD = "gnu++20";
				CLANG_ENABLE_MODULES = YES;
				CLANG_ENABLE_OBJC_ARC = YES;
				CLANG_ENABLE_OBJC_WEAK = YES;
				CLANG_WARN_BLOCK_CAPTURE_AUTORELEASING = YES;
				CLANG_WARN_BOOL_CONVERSION = YES;
				CLANG_WARN_COMMA = YES;
				CLANG_WARN_CONSTANT_CONVERSION = YES;
				CLANG_WARN_DEPRECATED_OBJC_IMPLEMENTATIONS = YES;
				CLANG_WARN_DIRECT_OBJC_ISA_USAGE = YES_ERROR;
				CLANG_WARN_DOCUMENTATION_COMMENTS = YES;
				CLANG_WARN_EMPTY_BODY = YES;
				CLANG_WARN_ENUM_CONVERSION = YES;
				CLANG_WARN_INFINITE_RECURSION = YES;
				CLANG_WARN_INT_CONVERSION = YES;
				CLANG_WARN_NON_LITERAL_NULL_CONVERSION = YES;
				CLANG_WARN_OBJC_IMPLICIT_RETAIN_SELF = YES;
				CLANG_WARN_OBJC_LITERAL_CONVERSION = YES;
				CLANG_WARN_OBJC_ROOT_CLASS = YES_ERROR;
				CLANG_WARN_QUOTED_INCLUDE_IN_FRAMEWORK_HEADER = YES;
				CLANG_WARN_RANGE_LOOP_ANALYSIS = YES;
				CLANG_WARN_STRICT_PROTOTYPES = YES;
				CLANG_WARN_SUSPICIOUS_MOVE = YES;
				CLANG_WARN_UNGUARDED_AVAILABILITY = YES_AGGRESSIVE;
				CLANG_WARN_UNREACHABLE_CODE = YES;
				CLANG_WARN__DUPLICATE_METHOD_MATCH = YES;
				COPY_PHASE_STRIP = NO;
				DEBUG_INFORMATION_FORMAT = dwarf;
				ENABLE_STRICT_OBJC_MSGSEND = YES;
				ENABLE_TESTABILITY = YES;
				GCC_C_LANGUAGE_STANDARD = gnu11;
				GCC_DYNAMIC_NO_PIC = NO;
				GCC_NO_COMMON_BLOCKS = YES;
				GCC_OPTIMIZATION_LEVEL = 0;
				GCC_PREPROCESSOR_DEFINITIONS = (
					"DEBUG=1",
					"$(inherited)",
				);
				GCC_WARN_64_TO_32_BIT_CONVERSION = YES;
				GCC_WARN_ABOUT_RETURN_TYPE = YES_ERROR;
				GCC_WARN_UNDECLARED_SELECTOR = YES;
				GCC_WARN_UNINITIALIZED_AUTOS = YES_AGGRESSIVE;
				GCC_WARN_UNUSED_FUNCTION = YES;
				GCC_WARN_UNUSED_VARIABLE = YES;
				MACOSX_DEPLOYMENT_TARGET = 11.3;
				MTL_ENABLE_DEBUG_INFO = INCLUDE_SOURCE;
				MTL_FAST_MATH = YES;
				ONLY_ACTIVE_ARCH = YES;
				SDKROOT = macosx;
			};
			name = Debug;
		};
		EC799C3429E8025900EF4A8D /* Release */ = {
			isa = XCBuildConfiguration;
			buildSettings = {
				ALWAYS_SEARCH_USER_PATHS = NO;
				CLANG_ANALYZER_NONNULL = YES;
				CLANG_ANALYZER_NUMBER_OBJECT_CONVERSION = YES_AGGRESSIVE;
				CLANG_CXX_LANGUAGE_STANDARD = "gnu++20";
				CLANG_ENABLE_MODULES = YES;
				CLANG_ENABLE_OBJC_ARC = YES;
				CLANG_ENABLE_OBJC_WEAK = YES;
				CLANG_WARN_BLOCK_CAPTURE_AUTORELEASING = YES;
				CLANG_WARN_BOOL_CONVERSION = YES;
				CLANG_WARN_COMMA = YES;
				CLANG_WARN_CONSTANT_CONVERSION = YES;
				CLANG_WARN_DEPRECATED_OBJC_IMPLEMENTATIONS = YES;
				CLANG_WARN_DIRECT_OBJC_ISA_USAGE = YES_ERROR;
				CLANG_WARN_DOCUMENTATION_COMMENTS = YES;
				CLANG_WARN_EMPTY_BODY = YES;
				CLANG_WARN_ENUM_CONVERSION = YES;
				CLANG_WARN_INFINITE_RECURSION = YES;
				CLANG_WARN_INT_CONVERSION = YES;
				CLANG_WARN_NON_LITERAL_NULL_CONVERSION = YES;
				CLANG_WARN_OBJC_IMPLICIT_RETAIN_SELF = YES;
				CLANG_WARN_OBJC_LITERAL_CONVERSION = YES;
				CLANG_WARN_OBJC_ROOT_CLASS = YES_ERROR;
				CLANG_WARN_QUOTED_INCLUDE_IN_FRAMEWORK_HEADER = YES;
				CLANG_WARN_RANGE_LOOP_ANALYSIS = YES;
				CLANG_WARN_STRICT_PROTOTYPES = YES;
				CLANG_WARN_SUSPICIOUS_MOVE = YES;
				CLANG_WARN_UNGUARDED_AVAILABILITY = YES_AGGRESSIVE;
				CLANG_WARN_UNREACHABLE_CODE = YES;
				CLANG_WARN__DUPLICATE_METHOD_MATCH = YES;
				COPY_PHASE_STRIP = NO;
				DEBUG_INFORMATION_FORMAT = "dwarf-with-dsym";
				ENABLE_NS_ASSERTIONS = NO;
				ENABLE_STRICT_OBJC_MSGSEND = YES;
				GCC_C_LANGUAGE_STANDARD = gnu11;
				GCC_NO_COMMON_BLOCKS = YES;
				GCC_WARN_64_TO_32_BIT_CONVERSION = YES;
				GCC_WARN_ABOUT_RETURN_TYPE = YES_ERROR;
				GCC_WARN_UNDECLARED_SELECTOR = YES;
				GCC_WARN_UNINITIALIZED_AUTOS = YES_AGGRESSIVE;
				GCC_WARN_UNUSED_FUNCTION = YES;
				GCC_WARN_UNUSED_VARIABLE = YES;
				MACOSX_DEPLOYMENT_TARGET = 11.3;
				MTL_ENABLE_DEBUG_INFO = NO;
				MTL_FAST_MATH = YES;
				SDKROOT = macosx;
			};
			name = Release;
		};
		EC799C3629E8025900EF4A8D /* Debug */ = {
			isa = XCBuildConfiguration;
			buildSettings = {
				ARCHS = arm64;
				CLANG_CXX_LANGUAGE_STANDARD = "c++20";
				"CODE_SIGN_IDENTITY[sdk=macosx*]" = "-";
				CODE_SIGN_STYLE = Automatic;
				DEVELOPMENT_TEAM = "";
				ENABLE_HARDENED_RUNTIME = YES;
				HEADER_SEARCH_PATHS = /opt/homebrew/include;
				LIBRARY_SEARCH_PATHS = (
					/opt/homebrew/lib,
					/opt/homebrew/Cellar/libogg/1.3.5/lib,
					/opt/homebrew/Cellar/libvorbis/1.3.7/lib,
				);
				MACOSX_DEPLOYMENT_TARGET = 11.3;
				PRODUCT_NAME = "$(TARGET_NAME)";
			};
			name = Debug;
		};
		EC799C3729E8025900EF4A8D /* Release */ = {
			isa = XCBuildConfiguration;
			buildSettings = {
				ARCHS = arm64;
				CLANG_CXX_LANGUAGE_STANDARD = "c++20";
				"CODE_SIGN_IDENTITY[sdk=macosx*]" = "-";
				CODE_SIGN_STYLE = Automatic;
				DEVELOPMENT_TEAM = "";
				ENABLE_HARDENED_RUNTIME = YES;
				HEADER_SEARCH_PATHS = /opt/homebrew/include;
				LIBRARY_SEARCH_PATHS = (
					/opt/homebrew/lib,
					/opt/homebrew/Cellar/libogg/1.3.5/lib,
					/opt/homebrew/Cellar/libvorbis/1.3.7/lib,
				);
				MACOSX_DEPLOYMENT_TARGET = 11.3;
				PRODUCT_NAME = "$(TARGET_NAME)";
			};
			name = Release;
		};
/* End XCBuildConfiguration section */

/* Begin XCConfigurationList section */
		EC799C2929E8025900EF4A8D /* Build configuration list for PBXProject "revorb" */ = {
			isa = XCConfigurationList;
			buildConfigurations = (
				EC799C3329E8025900EF4A8D /* Debug */,
				EC799C3429E8025900EF4A8D /* Release */,
			);
			defaultConfigurationIsVisible = 0;
			defaultConfigurationName = Release;
		};
		EC799C3529E8025900EF4A8D /* Build configuration list for PBXNativeTarget "revorb" */ = {
			isa = XCConfigurationList;
			buildConfigurations = (
				EC799C3629E8025900EF4A8D /* Debug */,
				EC799C3729E8025900EF4A8D /* Release */,
			);
			defaultConfigurationIsVisible = 0;
			defaultConfigurationName = Release;
		};
/* End XCConfigurationList section */
	};
	rootObject = EC799C2629E8025900EF4A8D /* Project object */;
}
